
Microsoft Visual Studio Solution File, Format Version 12.00
# Visual Studio Version 16
VisualStudioVersion = 16.0.29025.244
MinimumVisualStudioVersion = 10.0.40219.1
Project("{FAE04EC0-301F-11D3-BF4B-00C04F79EFBC}") = "ECommerceAPI", "ECommerceAPI\ECommerceAPI.csproj", "{5853D3E7-1A46-455A-B31A-96EE674DB430}"
EndProject
Global
	GlobalSection(SolutionConfigurationPlatforms) = preSolution
		Debug|Any CPU = Debug|Any CPU
		Release|Any CPU = Release|Any CPU
	EndGlobalSection
	GlobalSection(ProjectConfigurationPlatforms) = postSolution
		{5853D3E7-1A46-455A-B31A-96EE674DB430}.Debug|Any CPU.ActiveCfg = Debug|Any CPU
		{5853D3E7-1A46-455A-B31A-96EE674DB430}.Debug|Any CPU.Build.0 = Debug|Any CPU
		{5853D3E7-1A46-455A-B31A-96EE674DB430}.Release|Any CPU.ActiveCfg = Release|Any CPU
		{5853D3E7-1A46-455A-B31A-96EE674DB430}.Release|Any CPU.Build.0 = Release|Any CPU
	EndGlobalSection
	GlobalSection(SolutionProperties) = preSolution
		HideSolutionNode = FALSE
	EndGlobalSection
	GlobalSection(ExtensibilityGlobals) = postSolution
		SolutionGuid = {BA077BFC-C54F-4848-9E62-B31150DC9A65}
	EndGlobalSection
EndGlobal
